// !$*UTF8*$!
{
	archiveVersion = 1;
	classes = {
	};
	objectVersion = 46;
	objects = {

/* Begin PBXGroup section */
		F1D1EFA91A2709E900D8B26E = {
			isa = PBXGroup;
			children = (
			);
			sourceTree = "<group>";
		};
/* End PBXGroup section */

/* Begin PBXProject section */
		F1D1EFAA1A2709E900D8B26E /* Project object */ = {
			isa = PBXProject;
			attributes = {
				LastUpgradeCheck = 0610;
			};
			buildConfigurationList = F1D1EFAD1A2709E900D8B26E /* Build configuration list for PBXProject "RateMyClassesHTML" */;
			compatibilityVersion = "Xcode 3.2";
			developmentRegion = English;
			hasScannedForEncodings = 0;
			knownRegions = (
				en,
			);
			mainGroup = F1D1EFA91A2709E900D8B26E;
			projectDirPath = "";
			projectRoot = "";
			targets = (
			);
		};
/* End PBXProject section */

/* Begin XCBuildConfiguration section */
		F1D1EFAE1A2709E900D8B26E /* Debug */ = {
			isa = XCBuildConfiguration;
			buildSettings = {
			};
			name = Debug;
		};
		F1D1EFAF1A2709E900D8B26E /* Release */ = {
			isa = XCBuildConfiguration;
			buildSettings = {
			};
			name = Release;
		};
/* End XCBuildConfiguration section */

/* Begin XCConfigurationList section */
		F1D1EFAD1A2709E900D8B26E /* Build configuration list for PBXProject "RateMyClassesHTML" */ = {
			isa = XCConfigurationList;
			buildConfigurations = (
				F1D1EFAE1A2709E900D8B26E /* Debug */,
				F1D1EFAF1A2709E900D8B26E /* Release */,
			);
			defaultConfigurationIsVisible = 0;
			defaultConfigurationName = Release;
		};
/* End XCConfigurationList section */
	};
	rootObject = F1D1EFAA1A2709E900D8B26E /* Project object */;
}
